
Microsoft Visual Studio Solution File, Format Version 12.00
# Visual Studio Version 16
VisualStudioVersion = 16.0.30413.136
MinimumVisualStudioVersion = 10.0.40219.1
Project("{FAE04EC0-301F-11D3-BF4B-00C04F79EFBC}") = "Project", "Project\Project.csproj", "{BFD1C2FD-2711-49E6-8FBE-1589DB2485D0}"
EndProject
Global
	GlobalSection(SolutionConfigurationPlatforms) = preSolution
		Debug|Any CPU = Debug|Any CPU
		Release|Any CPU = Release|Any CPU
	EndGlobalSection
	GlobalSection(ProjectConfigurationPlatforms) = postSolution
		{BFD1C2FD-2711-49E6-8FBE-1589DB2485D0}.Debug|Any CPU.ActiveCfg = Debug|Any CPU
		{BFD1C2FD-2711-49E6-8FBE-1589DB2485D0}.Debug|Any CPU.Build.0 = Debug|Any CPU
		{BFD1C2FD-2711-49E6-8FBE-1589DB2485D0}.Release|Any CPU.ActiveCfg = Release|Any CPU
		{BFD1C2FD-2711-49E6-8FBE-1589DB2485D0}.Release|Any CPU.Build.0 = Release|Any CPU
	EndGlobalSection
	GlobalSection(SolutionProperties) = preSolution
		HideSolutionNode = FALSE
	EndGlobalSection
	GlobalSection(ExtensibilityGlobals) = postSolution
		SolutionGuid = {6F7EB596-2C16-4B5C-B857-E1C45641A0AA}
	EndGlobalSection
EndGlobal
